
Microsoft Visual Studio Solution File, Format Version 11.00
# Visual Studio 2010
Project("{FAE04EC0-301F-11D3-BF4B-00C04F79EFBC}") = "Assembly-CSharp", "Assembly-CSharp.csproj", "{14408EA6-4B26-82A5-E0F4-DBDD50A6D2BA}"
EndProject
Project("{FAE04EC0-301F-11D3-BF4B-00C04F79EFBC}") = "NavMeshComponents", "NavMeshComponents.csproj", "{58D391E0-86FF-88DE-052E-7A0746209263}"
EndProject
Project("{FAE04EC0-301F-11D3-BF4B-00C04F79EFBC}") = "NavMeshComponentsEditor", "NavMeshComponentsEditor.csproj", "{75C36AE6-7AE6-30C2-D24A-9A2A0A03DBDD}"
EndProject
Global
	GlobalSection(SolutionConfigurationPlatforms) = preSolution
		Debug|Any CPU = Debug|Any CPU
		Release|Any CPU = Release|Any CPU
	EndGlobalSection
	GlobalSection(ProjectConfigurationPlatforms) = postSolution
		{14408EA6-4B26-82A5-E0F4-DBDD50A6D2BA}.Debug|Any CPU.ActiveCfg = Debug|Any CPU
		{14408EA6-4B26-82A5-E0F4-DBDD50A6D2BA}.Debug|Any CPU.Build.0 = Debug|Any CPU
		{14408EA6-4B26-82A5-E0F4-DBDD50A6D2BA}.Release|Any CPU.ActiveCfg = Release|Any CPU
		{14408EA6-4B26-82A5-E0F4-DBDD50A6D2BA}.Release|Any CPU.Build.0 = Release|Any CPU
		{58D391E0-86FF-88DE-052E-7A0746209263}.Debug|Any CPU.ActiveCfg = Debug|Any CPU
		{58D391E0-86FF-88DE-052E-7A0746209263}.Debug|Any CPU.Build.0 = Debug|Any CPU
		{58D391E0-86FF-88DE-052E-7A0746209263}.Release|Any CPU.ActiveCfg = Release|Any CPU
		{58D391E0-86FF-88DE-052E-7A0746209263}.Release|Any CPU.Build.0 = Release|Any CPU
		{75C36AE6-7AE6-30C2-D24A-9A2A0A03DBDD}.Debug|Any CPU.ActiveCfg = Debug|Any CPU
		{75C36AE6-7AE6-30C2-D24A-9A2A0A03DBDD}.Debug|Any CPU.Build.0 = Debug|Any CPU
		{75C36AE6-7AE6-30C2-D24A-9A2A0A03DBDD}.Release|Any CPU.ActiveCfg = Release|Any CPU
		{75C36AE6-7AE6-30C2-D24A-9A2A0A03DBDD}.Release|Any CPU.Build.0 = Release|Any CPU
	EndGlobalSection
	GlobalSection(SolutionProperties) = preSolution
		HideSolutionNode = FALSE
	EndGlobalSection
EndGlobal
